// !$*UTF8*$!
{
	archiveVersion = 1;
	classes = {
	};
	objectVersion = 56;
	objects = {

/* Begin PBXBuildFile section */
		0004CED229BEE8EC00D1DBE9 /* FormControlView.swift in Sources */ = {isa = PBXBuildFile; fileRef = 0004CED129BEE8EC00D1DBE9 /* FormControlView.swift */; };
		0004CEDE29C0369400D1DBE9 /* EditContentFormView.swift in Sources */ = {isa = PBXBuildFile; fileRef = 0004CEDD29C0369400D1DBE9 /* EditContentFormView.swift */; };
		0004CEE029C038D200D1DBE9 /* EditContentButtonView.swift in Sources */ = {isa = PBXBuildFile; fileRef = 0004CEDF29C038D200D1DBE9 /* EditContentButtonView.swift */; };
		0004CEE229C0396300D1DBE9 /* Standard.swift in Sources */ = {isa = PBXBuildFile; fileRef = 0004CEE129C0396300D1DBE9 /* Standard.swift */; };
		0004EB6729C7A1F2005BB807 /* TitleContentsView.swift in Sources */ = {isa = PBXBuildFile; fileRef = 0004EB6629C7A1F2005BB807 /* TitleContentsView.swift */; };
		000E780429BEA6D600FF4679 /* CreateContentButtonView.swift in Sources */ = {isa = PBXBuildFile; fileRef = 000E780329BEA6D600FF4679 /* CreateContentButtonView.swift */; };
		000E780629BEA95000FF4679 /* ContentFormView.swift in Sources */ = {isa = PBXBuildFile; fileRef = 000E780529BEA95000FF4679 /* ContentFormView.swift */; };
		000E780A29BEB45700FF4679 /* CreateContentFormView.swift in Sources */ = {isa = PBXBuildFile; fileRef = 000E780929BEB45700FF4679 /* CreateContentFormView.swift */; };
		000F2D5F29C3893A00B83815 /* TitleCoverStyleModifier.swift in Sources */ = {isa = PBXBuildFile; fileRef = 000F2D5E29C3893A00B83815 /* TitleCoverStyleModifier.swift */; };
		000F2D6729C3C07600B83815 /* Title+CoreDataClass.swift in Sources */ = {isa = PBXBuildFile; fileRef = 000F2D6529C3C07600B83815 /* Title+CoreDataClass.swift */; };
		000F2D6829C3C07600B83815 /* Title+CoreDataProperties.swift in Sources */ = {isa = PBXBuildFile; fileRef = 000F2D6629C3C07600B83815 /* Title+CoreDataProperties.swift */; };
		000F2D6D29C4D8A200B83815 /* EntryFormView.swift in Sources */ = {isa = PBXBuildFile; fileRef = 000F2D6C29C4D8A200B83815 /* EntryFormView.swift */; };
		000F2D6F29C4EFAB00B83815 /* HiddenView.swift in Sources */ = {isa = PBXBuildFile; fileRef = 000F2D6E29C4EFAB00B83815 /* HiddenView.swift */; };
		000F2D7129C4EFF700B83815 /* DataView.swift in Sources */ = {isa = PBXBuildFile; fileRef = 000F2D7029C4EFF700B83815 /* DataView.swift */; };
		000F2D7529C52F2C00B83815 /* CreateEntryFormView.swift in Sources */ = {isa = PBXBuildFile; fileRef = 000F2D7429C52F2C00B83815 /* CreateEntryFormView.swift */; };
		000F2D7729C5655500B83815 /* EntryFormEpisodeView.swift in Sources */ = {isa = PBXBuildFile; fileRef = 000F2D7629C5655500B83815 /* EntryFormEpisodeView.swift */; };
		000F2D7929C5F6DF00B83815 /* EntryFormChapterView.swift in Sources */ = {isa = PBXBuildFile; fileRef = 000F2D7829C5F6DE00B83815 /* EntryFormChapterView.swift */; };
		0060268B29CC0C2700E2D62B /* StateView.swift in Sources */ = {isa = PBXBuildFile; fileRef = 0060268A29CC0C2700E2D62B /* StateView.swift */; };
		0063764C29BA954B001EBA44 /* TitleCoverView.swift in Sources */ = {isa = PBXBuildFile; fileRef = 0063764B29BA954B001EBA44 /* TitleCoverView.swift */; };
		0063765329BC1E03001EBA44 /* View.swift in Sources */ = {isa = PBXBuildFile; fileRef = 0063765229BC1E03001EBA44 /* View.swift */; };
		0063765529BD931C001EBA44 /* Model.swift in Sources */ = {isa = PBXBuildFile; fileRef = 0063765429BD931C001EBA44 /* Model.swift */; };
		0063765729BE4080001EBA44 /* CreateTitleButtonView.swift in Sources */ = {isa = PBXBuildFile; fileRef = 0063765629BE4080001EBA44 /* CreateTitleButtonView.swift */; };
		0063765929BE4369001EBA44 /* EditTitleButtonView.swift in Sources */ = {isa = PBXBuildFile; fileRef = 0063765829BE4369001EBA44 /* EditTitleButtonView.swift */; };
		0063765B29BE4C1C001EBA44 /* DeleteTitleButtonView.swift in Sources */ = {isa = PBXBuildFile; fileRef = 0063765A29BE4C1C001EBA44 /* DeleteTitleButtonView.swift */; };
		007ECE3829C127E300286ED5 /* TContentView.swift in Sources */ = {isa = PBXBuildFile; fileRef = 007ECE3729C127E300286ED5 /* TContentView.swift */; };
		007ECE3A29C12B3200286ED5 /* DeleteContentButtonView.swift in Sources */ = {isa = PBXBuildFile; fileRef = 007ECE3929C12B3200286ED5 /* DeleteContentButtonView.swift */; };
		007ECE3E29C14DC900286ED5 /* CreateEntryButtonView.swift in Sources */ = {isa = PBXBuildFile; fileRef = 007ECE3D29C14DC900286ED5 /* CreateEntryButtonView.swift */; };
		0082B6E329CF5A6300F351E3 /* ContentEntriesView.swift in Sources */ = {isa = PBXBuildFile; fileRef = 0082B6E229CF5A6200F351E3 /* ContentEntriesView.swift */; };
		0082B6EA29CF5C3000F351E3 /* Content+CoreDataClass.swift in Sources */ = {isa = PBXBuildFile; fileRef = 0082B6E829CF5C3000F351E3 /* Content+CoreDataClass.swift */; };
		0082B6EB29CF5C3000F351E3 /* Content+CoreDataProperties.swift in Sources */ = {isa = PBXBuildFile; fileRef = 0082B6E929CF5C3000F351E3 /* Content+CoreDataProperties.swift */; };
		0082B6EF29CF6DEB00F351E3 /* EntryView.swift in Sources */ = {isa = PBXBuildFile; fileRef = 0082B6EE29CF6DEB00F351E3 /* EntryView.swift */; };
		0082B6F229CFC4E100F351E3 /* TitlesView.swift in Sources */ = {isa = PBXBuildFile; fileRef = 0082B6F129CFC4E100F351E3 /* TitlesView.swift */; };
		0082B6F429CFC59600F351E3 /* ListsView.swift in Sources */ = {isa = PBXBuildFile; fileRef = 0082B6F329CFC59600F351E3 /* ListsView.swift */; };
		0082BFC529B41AC300C35E79 /* ScrollApp.swift in Sources */ = {isa = PBXBuildFile; fileRef = 0082BFC429B41AC300C35E79 /* ScrollApp.swift */; };
		0082BFC729B41AC300C35E79 /* CoreDataStack.swift in Sources */ = {isa = PBXBuildFile; fileRef = 0082BFC629B41AC300C35E79 /* CoreDataStack.swift */; };
		0082BFCA29B41AC300C35E79 /* Scroll.xcdatamodeld in Sources */ = {isa = PBXBuildFile; fileRef = 0082BFC829B41AC300C35E79 /* Scroll.xcdatamodeld */; };
		0082BFCC29B41AC300C35E79 /* ContentView.swift in Sources */ = {isa = PBXBuildFile; fileRef = 0082BFCB29B41AC300C35E79 /* ContentView.swift */; };
		0082BFCE29B41AC500C35E79 /* Assets.xcassets in Resources */ = {isa = PBXBuildFile; fileRef = 0082BFCD29B41AC500C35E79 /* Assets.xcassets */; };
		0082BFD229B41AC500C35E79 /* Preview Assets.xcassets in Resources */ = {isa = PBXBuildFile; fileRef = 0082BFD129B41AC500C35E79 /* Preview Assets.xcassets */; };
		0082BFDC29B41AC600C35E79 /* ScrollTests.swift in Sources */ = {isa = PBXBuildFile; fileRef = 0082BFDB29B41AC600C35E79 /* ScrollTests.swift */; };
		0082BFE629B41AC600C35E79 /* ScrollUITests.swift in Sources */ = {isa = PBXBuildFile; fileRef = 0082BFE529B41AC600C35E79 /* ScrollUITests.swift */; };
		0082BFE829B41AC600C35E79 /* ScrollUITestsLaunchTests.swift in Sources */ = {isa = PBXBuildFile; fileRef = 0082BFE729B41AC600C35E79 /* ScrollUITestsLaunchTests.swift */; };
		0082BFF529B4613600C35E79 /* TitleView.swift in Sources */ = {isa = PBXBuildFile; fileRef = 0082BFF429B4613600C35E79 /* TitleView.swift */; };
		00FA010029C90C6000CAF422 /* TitleFormView.swift in Sources */ = {isa = PBXBuildFile; fileRef = 00FA00FF29C90C6000CAF422 /* TitleFormView.swift */; };
		00FA010629C9290400CAF422 /* ModifiableImageView.swift in Sources */ = {isa = PBXBuildFile; fileRef = 00FA010529C9290400CAF422 /* ModifiableImageView.swift */; };
		00FA010829C9517600CAF422 /* TitleFormCoverView.swift in Sources */ = {isa = PBXBuildFile; fileRef = 00FA010729C9517600CAF422 /* TitleFormCoverView.swift */; };
		00FA010A29C9571E00CAF422 /* CreateTitleFormView.swift in Sources */ = {isa = PBXBuildFile; fileRef = 00FA010929C9571E00CAF422 /* CreateTitleFormView.swift */; };
		00FA010C29C957F900CAF422 /* EditTitleFormView.swift in Sources */ = {isa = PBXBuildFile; fileRef = 00FA010B29C957F900CAF422 /* EditTitleFormView.swift */; };
		00FA011429CA397800CAF422 /* SettingsView.swift in Sources */ = {isa = PBXBuildFile; fileRef = 00FA011329CA397800CAF422 /* SettingsView.swift */; };
/* End PBXBuildFile section */

/* Begin PBXContainerItemProxy section */
		0082BFD829B41AC600C35E79 /* PBXContainerItemProxy */ = {
			isa = PBXContainerItemProxy;
			containerPortal = 0082BFB929B41AC200C35E79 /* Project object */;
			proxyType = 1;
			remoteGlobalIDString = 0082BFC029B41AC300C35E79;
			remoteInfo = Scroll;
		};
		0082BFE229B41AC600C35E79 /* PBXContainerItemProxy */ = {
			isa = PBXContainerItemProxy;
			containerPortal = 0082BFB929B41AC200C35E79 /* Project object */;
			proxyType = 1;
			remoteGlobalIDString = 0082BFC029B41AC300C35E79;
			remoteInfo = Scroll;
		};
/* End PBXContainerItemProxy section */

/* Begin PBXFileReference section */
		0004CED129BEE8EC00D1DBE9 /* FormControlView.swift */ = {isa = PBXFileReference; lastKnownFileType = sourcecode.swift; path = FormControlView.swift; sourceTree = "<group>"; };
		0004CEDD29C0369400D1DBE9 /* EditContentFormView.swift */ = {isa = PBXFileReference; lastKnownFileType = sourcecode.swift; path = EditContentFormView.swift; sourceTree = "<group>"; };
		0004CEDF29C038D200D1DBE9 /* EditContentButtonView.swift */ = {isa = PBXFileReference; lastKnownFileType = sourcecode.swift; path = EditContentButtonView.swift; sourceTree = "<group>"; };
		0004CEE129C0396300D1DBE9 /* Standard.swift */ = {isa = PBXFileReference; lastKnownFileType = sourcecode.swift; path = Standard.swift; sourceTree = "<group>"; };
		0004EB6629C7A1F2005BB807 /* TitleContentsView.swift */ = {isa = PBXFileReference; lastKnownFileType = sourcecode.swift; path = TitleContentsView.swift; sourceTree = "<group>"; };
		000E780329BEA6D600FF4679 /* CreateContentButtonView.swift */ = {isa = PBXFileReference; lastKnownFileType = sourcecode.swift; path = CreateContentButtonView.swift; sourceTree = "<group>"; };
		000E780529BEA95000FF4679 /* ContentFormView.swift */ = {isa = PBXFileReference; lastKnownFileType = sourcecode.swift; path = ContentFormView.swift; sourceTree = "<group>"; };
		000E780929BEB45700FF4679 /* CreateContentFormView.swift */ = {isa = PBXFileReference; lastKnownFileType = sourcecode.swift; path = CreateContentFormView.swift; sourceTree = "<group>"; };
		000F2D5E29C3893A00B83815 /* TitleCoverStyleModifier.swift */ = {isa = PBXFileReference; lastKnownFileType = sourcecode.swift; path = TitleCoverStyleModifier.swift; sourceTree = "<group>"; };
		000F2D6529C3C07600B83815 /* Title+CoreDataClass.swift */ = {isa = PBXFileReference; lastKnownFileType = sourcecode.swift; path = "Title+CoreDataClass.swift"; sourceTree = "<group>"; };
		000F2D6629C3C07600B83815 /* Title+CoreDataProperties.swift */ = {isa = PBXFileReference; lastKnownFileType = sourcecode.swift; path = "Title+CoreDataProperties.swift"; sourceTree = "<group>"; };
		000F2D6C29C4D8A200B83815 /* EntryFormView.swift */ = {isa = PBXFileReference; lastKnownFileType = sourcecode.swift; path = EntryFormView.swift; sourceTree = "<group>"; };
		000F2D6E29C4EFAB00B83815 /* HiddenView.swift */ = {isa = PBXFileReference; lastKnownFileType = sourcecode.swift; path = HiddenView.swift; sourceTree = "<group>"; };
		000F2D7029C4EFF700B83815 /* DataView.swift */ = {isa = PBXFileReference; lastKnownFileType = sourcecode.swift; path = DataView.swift; sourceTree = "<group>"; };
		000F2D7429C52F2C00B83815 /* CreateEntryFormView.swift */ = {isa = PBXFileReference; lastKnownFileType = sourcecode.swift; path = CreateEntryFormView.swift; sourceTree = "<group>"; };
		000F2D7629C5655500B83815 /* EntryFormEpisodeView.swift */ = {isa = PBXFileReference; lastKnownFileType = sourcecode.swift; path = EntryFormEpisodeView.swift; sourceTree = "<group>"; };
		000F2D7829C5F6DE00B83815 /* EntryFormChapterView.swift */ = {isa = PBXFileReference; lastKnownFileType = sourcecode.swift; path = EntryFormChapterView.swift; sourceTree = "<group>"; };
		0060268A29CC0C2700E2D62B /* StateView.swift */ = {isa = PBXFileReference; lastKnownFileType = sourcecode.swift; path = StateView.swift; sourceTree = "<group>"; };
		0063764B29BA954B001EBA44 /* TitleCoverView.swift */ = {isa = PBXFileReference; lastKnownFileType = sourcecode.swift; path = TitleCoverView.swift; sourceTree = "<group>"; };
		0063765229BC1E03001EBA44 /* View.swift */ = {isa = PBXFileReference; lastKnownFileType = sourcecode.swift; path = View.swift; sourceTree = "<group>"; };
		0063765429BD931C001EBA44 /* Model.swift */ = {isa = PBXFileReference; lastKnownFileType = sourcecode.swift; path = Model.swift; sourceTree = "<group>"; };
		0063765629BE4080001EBA44 /* CreateTitleButtonView.swift */ = {isa = PBXFileReference; lastKnownFileType = sourcecode.swift; path = CreateTitleButtonView.swift; sourceTree = "<group>"; };
		0063765829BE4369001EBA44 /* EditTitleButtonView.swift */ = {isa = PBXFileReference; lastKnownFileType = sourcecode.swift; path = EditTitleButtonView.swift; sourceTree = "<group>"; };
		0063765A29BE4C1C001EBA44 /* DeleteTitleButtonView.swift */ = {isa = PBXFileReference; lastKnownFileType = sourcecode.swift; path = DeleteTitleButtonView.swift; sourceTree = "<group>"; };
		007ECE3729C127E300286ED5 /* TContentView.swift */ = {isa = PBXFileReference; lastKnownFileType = sourcecode.swift; path = TContentView.swift; sourceTree = "<group>"; };
		007ECE3929C12B3200286ED5 /* DeleteContentButtonView.swift */ = {isa = PBXFileReference; lastKnownFileType = sourcecode.swift; path = DeleteContentButtonView.swift; sourceTree = "<group>"; };
		007ECE3D29C14DC900286ED5 /* CreateEntryButtonView.swift */ = {isa = PBXFileReference; lastKnownFileType = sourcecode.swift; path = CreateEntryButtonView.swift; sourceTree = "<group>"; };
		0082B6E229CF5A6200F351E3 /* ContentEntriesView.swift */ = {isa = PBXFileReference; lastKnownFileType = sourcecode.swift; path = ContentEntriesView.swift; sourceTree = "<group>"; };
		0082B6E829CF5C3000F351E3 /* Content+CoreDataClass.swift */ = {isa = PBXFileReference; lastKnownFileType = sourcecode.swift; path = "Content+CoreDataClass.swift"; sourceTree = "<group>"; };
		0082B6E929CF5C3000F351E3 /* Content+CoreDataProperties.swift */ = {isa = PBXFileReference; lastKnownFileType = sourcecode.swift; path = "Content+CoreDataProperties.swift"; sourceTree = "<group>"; };
		0082B6EE29CF6DEB00F351E3 /* EntryView.swift */ = {isa = PBXFileReference; lastKnownFileType = sourcecode.swift; path = EntryView.swift; sourceTree = "<group>"; };
		0082B6F129CFC4E100F351E3 /* TitlesView.swift */ = {isa = PBXFileReference; lastKnownFileType = sourcecode.swift; path = TitlesView.swift; sourceTree = "<group>"; };
		0082B6F329CFC59600F351E3 /* ListsView.swift */ = {isa = PBXFileReference; lastKnownFileType = sourcecode.swift; path = ListsView.swift; sourceTree = "<group>"; };
		0082BFC129B41AC300C35E79 /* Scroll.app */ = {isa = PBXFileReference; explicitFileType = wrapper.application; includeInIndex = 0; path = Scroll.app; sourceTree = BUILT_PRODUCTS_DIR; };
		0082BFC429B41AC300C35E79 /* ScrollApp.swift */ = {isa = PBXFileReference; lastKnownFileType = sourcecode.swift; path = ScrollApp.swift; sourceTree = "<group>"; };
		0082BFC629B41AC300C35E79 /* CoreDataStack.swift */ = {isa = PBXFileReference; lastKnownFileType = sourcecode.swift; path = CoreDataStack.swift; sourceTree = "<group>"; };
		0082BFC929B41AC300C35E79 /* Scroll.xcdatamodel */ = {isa = PBXFileReference; lastKnownFileType = wrapper.xcdatamodel; path = Scroll.xcdatamodel; sourceTree = "<group>"; };
		0082BFCB29B41AC300C35E79 /* ContentView.swift */ = {isa = PBXFileReference; lastKnownFileType = sourcecode.swift; path = ContentView.swift; sourceTree = "<group>"; };
		0082BFCD29B41AC500C35E79 /* Assets.xcassets */ = {isa = PBXFileReference; lastKnownFileType = folder.assetcatalog; path = Assets.xcassets; sourceTree = "<group>"; };
		0082BFCF29B41AC500C35E79 /* Scroll.entitlements */ = {isa = PBXFileReference; lastKnownFileType = text.plist.entitlements; path = Scroll.entitlements; sourceTree = "<group>"; };
		0082BFD129B41AC500C35E79 /* Preview Assets.xcassets */ = {isa = PBXFileReference; lastKnownFileType = folder.assetcatalog; path = "Preview Assets.xcassets"; sourceTree = "<group>"; };
		0082BFD729B41AC600C35E79 /* ScrollTests.xctest */ = {isa = PBXFileReference; explicitFileType = wrapper.cfbundle; includeInIndex = 0; path = ScrollTests.xctest; sourceTree = BUILT_PRODUCTS_DIR; };
		0082BFDB29B41AC600C35E79 /* ScrollTests.swift */ = {isa = PBXFileReference; lastKnownFileType = sourcecode.swift; path = ScrollTests.swift; sourceTree = "<group>"; };
		0082BFE129B41AC600C35E79 /* ScrollUITests.xctest */ = {isa = PBXFileReference; explicitFileType = wrapper.cfbundle; includeInIndex = 0; path = ScrollUITests.xctest; sourceTree = BUILT_PRODUCTS_DIR; };
		0082BFE529B41AC600C35E79 /* ScrollUITests.swift */ = {isa = PBXFileReference; lastKnownFileType = sourcecode.swift; path = ScrollUITests.swift; sourceTree = "<group>"; };
		0082BFE729B41AC600C35E79 /* ScrollUITestsLaunchTests.swift */ = {isa = PBXFileReference; lastKnownFileType = sourcecode.swift; path = ScrollUITestsLaunchTests.swift; sourceTree = "<group>"; };
		0082BFF429B4613600C35E79 /* TitleView.swift */ = {isa = PBXFileReference; lastKnownFileType = sourcecode.swift; path = TitleView.swift; sourceTree = "<group>"; };
		00DC480F29B7F97900CAB1AB /* Info.plist */ = {isa = PBXFileReference; lastKnownFileType = text.plist.xml; path = Info.plist; sourceTree = "<group>"; };
		00FA00FF29C90C6000CAF422 /* TitleFormView.swift */ = {isa = PBXFileReference; lastKnownFileType = sourcecode.swift; path = TitleFormView.swift; sourceTree = "<group>"; };
		00FA010529C9290400CAF422 /* ModifiableImageView.swift */ = {isa = PBXFileReference; lastKnownFileType = sourcecode.swift; path = ModifiableImageView.swift; sourceTree = "<group>"; };
		00FA010729C9517600CAF422 /* TitleFormCoverView.swift */ = {isa = PBXFileReference; lastKnownFileType = sourcecode.swift; path = TitleFormCoverView.swift; sourceTree = "<group>"; };
		00FA010929C9571E00CAF422 /* CreateTitleFormView.swift */ = {isa = PBXFileReference; lastKnownFileType = sourcecode.swift; path = CreateTitleFormView.swift; sourceTree = "<group>"; };
		00FA010B29C957F900CAF422 /* EditTitleFormView.swift */ = {isa = PBXFileReference; lastKnownFileType = sourcecode.swift; path = EditTitleFormView.swift; sourceTree = "<group>"; };
		00FA011329CA397800CAF422 /* SettingsView.swift */ = {isa = PBXFileReference; lastKnownFileType = sourcecode.swift; path = SettingsView.swift; sourceTree = "<group>"; };
		00FA011529CA52E700CAF422 /* README.md */ = {isa = PBXFileReference; lastKnownFileType = net.daringfireball.markdown; path = README.md; sourceTree = "<group>"; };
/* End PBXFileReference section */

/* Begin PBXFrameworksBuildPhase section */
		0082BFBE29B41AC300C35E79 /* Frameworks */ = {
			isa = PBXFrameworksBuildPhase;
			buildActionMask = 2147483647;
			files = (
			);
			runOnlyForDeploymentPostprocessing = 0;
		};
		0082BFD429B41AC600C35E79 /* Frameworks */ = {
			isa = PBXFrameworksBuildPhase;
			buildActionMask = 2147483647;
			files = (
			);
			runOnlyForDeploymentPostprocessing = 0;
		};
		0082BFDE29B41AC600C35E79 /* Frameworks */ = {
			isa = PBXFrameworksBuildPhase;
			buildActionMask = 2147483647;
			files = (
			);
			runOnlyForDeploymentPostprocessing = 0;
		};
/* End PBXFrameworksBuildPhase section */

/* Begin PBXGroup section */
		0004CED629BFC15800D1DBE9 /* Form */ = {
			isa = PBXGroup;
			children = (
				00FA00FF29C90C6000CAF422 /* TitleFormView.swift */,
				00FA010729C9517600CAF422 /* TitleFormCoverView.swift */,
				00FA010929C9571E00CAF422 /* CreateTitleFormView.swift */,
				00FA010B29C957F900CAF422 /* EditTitleFormView.swift */,
			);
			path = Form;
			sourceTree = "<group>";
		};
		0004CED729C0254000D1DBE9 /* Form */ = {
			isa = PBXGroup;
			children = (
				000E780529BEA95000FF4679 /* ContentFormView.swift */,
				000E780929BEB45700FF4679 /* CreateContentFormView.swift */,
				0004CEDD29C0369400D1DBE9 /* EditContentFormView.swift */,
			);
			path = Form;
			sourceTree = "<group>";
		};
		000E780029BE857900FF4679 /* Button */ = {
			isa = PBXGroup;
			children = (
				0063765629BE4080001EBA44 /* CreateTitleButtonView.swift */,
				0063765829BE4369001EBA44 /* EditTitleButtonView.swift */,
				0063765A29BE4C1C001EBA44 /* DeleteTitleButtonView.swift */,
			);
			path = Button;
			sourceTree = "<group>";
		};
		000E780129BEA6B400FF4679 /* Content */ = {
			isa = PBXGroup;
			children = (
				007ECE3729C127E300286ED5 /* TContentView.swift */,
				0082B6E229CF5A6200F351E3 /* ContentEntriesView.swift */,
				000E780229BEA6C600FF4679 /* Button */,
				0004CED729C0254000D1DBE9 /* Form */,
			);
			path = Content;
			sourceTree = "<group>";
		};
		000E780229BEA6C600FF4679 /* Button */ = {
			isa = PBXGroup;
			children = (
				000E780329BEA6D600FF4679 /* CreateContentButtonView.swift */,
				0004CEDF29C038D200D1DBE9 /* EditContentButtonView.swift */,
				007ECE3929C12B3200286ED5 /* DeleteContentButtonView.swift */,
			);
			path = Button;
			sourceTree = "<group>";
		};
		000F2D6929C3C07B00B83815 /* Models */ = {
			isa = PBXGroup;
			children = (
				000F2D6529C3C07600B83815 /* Title+CoreDataClass.swift */,
				000F2D6629C3C07600B83815 /* Title+CoreDataProperties.swift */,
				0082B6E829CF5C3000F351E3 /* Content+CoreDataClass.swift */,
				0082B6E929CF5C3000F351E3 /* Content+CoreDataProperties.swift */,
			);
			path = Models;
			sourceTree = "<group>";
		};
		0063765C29BE787A001EBA44 /* Title */ = {
			isa = PBXGroup;
			children = (
				0082BFF429B4613600C35E79 /* TitleView.swift */,
				0004EB6629C7A1F2005BB807 /* TitleContentsView.swift */,
				0063764B29BA954B001EBA44 /* TitleCoverView.swift */,
				000F2D5E29C3893A00B83815 /* TitleCoverStyleModifier.swift */,
				0082B6F129CFC4E100F351E3 /* TitlesView.swift */,
				000E780029BE857900FF4679 /* Button */,
				0004CED629BFC15800D1DBE9 /* Form */,
				0082B6F029CF6F1700F351E3 /* Entry */,
			);
			path = Title;
			sourceTree = "<group>";
		};
		007ECE3B29C149C100286ED5 /* Entry */ = {
			isa = PBXGroup;
			children = (
				0082B6EE29CF6DEB00F351E3 /* EntryView.swift */,
				007ECE3C29C14A5100286ED5 /* Button */,
				007ECE3F29C14F4F00286ED5 /* Form */,
			);
			path = Entry;
			sourceTree = "<group>";
		};
		007ECE3C29C14A5100286ED5 /* Button */ = {
			isa = PBXGroup;
			children = (
				007ECE3D29C14DC900286ED5 /* CreateEntryButtonView.swift */,
			);
			path = Button;
			sourceTree = "<group>";
		};
		007ECE3F29C14F4F00286ED5 /* Form */ = {
			isa = PBXGroup;
			children = (
				000F2D6C29C4D8A200B83815 /* EntryFormView.swift */,
				000F2D7629C5655500B83815 /* EntryFormEpisodeView.swift */,
				000F2D7829C5F6DE00B83815 /* EntryFormChapterView.swift */,
				000F2D7429C52F2C00B83815 /* CreateEntryFormView.swift */,
			);
			path = Form;
			sourceTree = "<group>";
		};
		0082B6F029CF6F1700F351E3 /* Entry */ = {
			isa = PBXGroup;
			children = (
			);
			path = Entry;
			sourceTree = "<group>";
		};
		0082BFB829B41AC200C35E79 = {
			isa = PBXGroup;
			children = (
				00FA011529CA52E700CAF422 /* README.md */,
				0082BFC329B41AC300C35E79 /* Scroll */,
				0082BFDA29B41AC600C35E79 /* ScrollTests */,
				0082BFE429B41AC600C35E79 /* ScrollUITests */,
				0082BFC229B41AC300C35E79 /* Products */,
			);
			sourceTree = "<group>";
		};
		0082BFC229B41AC300C35E79 /* Products */ = {
			isa = PBXGroup;
			children = (
				0082BFC129B41AC300C35E79 /* Scroll.app */,
				0082BFD729B41AC600C35E79 /* ScrollTests.xctest */,
				0082BFE129B41AC600C35E79 /* ScrollUITests.xctest */,
			);
			name = Products;
			sourceTree = "<group>";
		};
		0082BFC329B41AC300C35E79 /* Scroll */ = {
			isa = PBXGroup;
			children = (
				0082BFC429B41AC300C35E79 /* ScrollApp.swift */,
				0082BFC629B41AC300C35E79 /* CoreDataStack.swift */,
				0063765429BD931C001EBA44 /* Model.swift */,
				0004CEE129C0396300D1DBE9 /* Standard.swift */,
				0063765229BC1E03001EBA44 /* View.swift */,
				000F2D6929C3C07B00B83815 /* Models */,
				00DC480A29B7CDD400CAB1AB /* Views */,
				00DC480F29B7F97900CAB1AB /* Info.plist */,
				0082BFCD29B41AC500C35E79 /* Assets.xcassets */,
				0082BFCF29B41AC500C35E79 /* Scroll.entitlements */,
				0082BFC829B41AC300C35E79 /* Scroll.xcdatamodeld */,
				0082BFD029B41AC500C35E79 /* Preview Content */,
			);
			path = Scroll;
			sourceTree = "<group>";
		};
		0082BFD029B41AC500C35E79 /* Preview Content */ = {
			isa = PBXGroup;
			children = (
				0082BFD129B41AC500C35E79 /* Preview Assets.xcassets */,
			);
			path = "Preview Content";
			sourceTree = "<group>";
		};
		0082BFDA29B41AC600C35E79 /* ScrollTests */ = {
			isa = PBXGroup;
			children = (
				0082BFDB29B41AC600C35E79 /* ScrollTests.swift */,
			);
			path = ScrollTests;
			sourceTree = "<group>";
		};
		0082BFE429B41AC600C35E79 /* ScrollUITests */ = {
			isa = PBXGroup;
			children = (
				0082BFE529B41AC600C35E79 /* ScrollUITests.swift */,
				0082BFE729B41AC600C35E79 /* ScrollUITestsLaunchTests.swift */,
			);
			path = ScrollUITests;
			sourceTree = "<group>";
		};
		00DC480A29B7CDD400CAB1AB /* Views */ = {
			isa = PBXGroup;
			children = (
				0082BFCB29B41AC300C35E79 /* ContentView.swift */,
				0060268A29CC0C2700E2D62B /* StateView.swift */,
				000F2D7029C4EFF700B83815 /* DataView.swift */,
				000F2D6E29C4EFAB00B83815 /* HiddenView.swift */,
				0004CED129BEE8EC00D1DBE9 /* FormControlView.swift */,
				00FA010529C9290400CAF422 /* ModifiableImageView.swift */,
				0082B6F329CFC59600F351E3 /* ListsView.swift */,
				000E780129BEA6B400FF4679 /* Content */,
				007ECE3B29C149C100286ED5 /* Entry */,
				00FA011629CA743B00CAF422 /* Settings */,
				0063765C29BE787A001EBA44 /* Title */,
			);
			path = Views;
			sourceTree = "<group>";
		};
		00FA011629CA743B00CAF422 /* Settings */ = {
			isa = PBXGroup;
			children = (
				00FA011329CA397800CAF422 /* SettingsView.swift */,
			);
			path = Settings;
			sourceTree = "<group>";
		};
/* End PBXGroup section */

/* Begin PBXNativeTarget section */
		0082BFC029B41AC300C35E79 /* Scroll */ = {
			isa = PBXNativeTarget;
			buildConfigurationList = 0082BFEB29B41AC600C35E79 /* Build configuration list for PBXNativeTarget "Scroll" */;
			buildPhases = (
				0082BFBD29B41AC300C35E79 /* Sources */,
				0082BFBE29B41AC300C35E79 /* Frameworks */,
				0082BFBF29B41AC300C35E79 /* Resources */,
			);
			buildRules = (
			);
			dependencies = (
			);
			name = Scroll;
			productName = Scroll;
			productReference = 0082BFC129B41AC300C35E79 /* Scroll.app */;
			productType = "com.apple.product-type.application";
		};
		0082BFD629B41AC600C35E79 /* ScrollTests */ = {
			isa = PBXNativeTarget;
			buildConfigurationList = 0082BFEE29B41AC600C35E79 /* Build configuration list for PBXNativeTarget "ScrollTests" */;
			buildPhases = (
				0082BFD329B41AC600C35E79 /* Sources */,
				0082BFD429B41AC600C35E79 /* Frameworks */,
				0082BFD529B41AC600C35E79 /* Resources */,
			);
			buildRules = (
			);
			dependencies = (
				0082BFD929B41AC600C35E79 /* PBXTargetDependency */,
			);
			name = ScrollTests;
			productName = ScrollTests;
			productReference = 0082BFD729B41AC600C35E79 /* ScrollTests.xctest */;
			productType = "com.apple.product-type.bundle.unit-test";
		};
		0082BFE029B41AC600C35E79 /* ScrollUITests */ = {
			isa = PBXNativeTarget;
			buildConfigurationList = 0082BFF129B41AC600C35E79 /* Build configuration list for PBXNativeTarget "ScrollUITests" */;
			buildPhases = (
				0082BFDD29B41AC600C35E79 /* Sources */,
				0082BFDE29B41AC600C35E79 /* Frameworks */,
				0082BFDF29B41AC600C35E79 /* Resources */,
			);
			buildRules = (
			);
			dependencies = (
				0082BFE329B41AC600C35E79 /* PBXTargetDependency */,
			);
			name = ScrollUITests;
			productName = ScrollUITests;
			productReference = 0082BFE129B41AC600C35E79 /* ScrollUITests.xctest */;
			productType = "com.apple.product-type.bundle.ui-testing";
		};
/* End PBXNativeTarget section */

/* Begin PBXProject section */
		0082BFB929B41AC200C35E79 /* Project object */ = {
			isa = PBXProject;
			attributes = {
				BuildIndependentTargetsInParallel = 1;
				LastSwiftUpdateCheck = 1420;
				LastUpgradeCheck = 1420;
				TargetAttributes = {
					0082BFC029B41AC300C35E79 = {
						CreatedOnToolsVersion = 14.2;
					};
					0082BFD629B41AC600C35E79 = {
						CreatedOnToolsVersion = 14.2;
						TestTargetID = 0082BFC029B41AC300C35E79;
					};
					0082BFE029B41AC600C35E79 = {
						CreatedOnToolsVersion = 14.2;
						TestTargetID = 0082BFC029B41AC300C35E79;
					};
				};
			};
			buildConfigurationList = 0082BFBC29B41AC200C35E79 /* Build configuration list for PBXProject "Scroll" */;
			compatibilityVersion = "Xcode 14.0";
			developmentRegion = en;
			hasScannedForEncodings = 0;
			knownRegions = (
				en,
				Base,
			);
			mainGroup = 0082BFB829B41AC200C35E79;
			productRefGroup = 0082BFC229B41AC300C35E79 /* Products */;
			projectDirPath = "";
			projectRoot = "";
			targets = (
				0082BFC029B41AC300C35E79 /* Scroll */,
				0082BFD629B41AC600C35E79 /* ScrollTests */,
				0082BFE029B41AC600C35E79 /* ScrollUITests */,
			);
		};
/* End PBXProject section */

/* Begin PBXResourcesBuildPhase section */
		0082BFBF29B41AC300C35E79 /* Resources */ = {
			isa = PBXResourcesBuildPhase;
			buildActionMask = 2147483647;
			files = (
				0082BFD229B41AC500C35E79 /* Preview Assets.xcassets in Resources */,
				0082BFCE29B41AC500C35E79 /* Assets.xcassets in Resources */,
			);
			runOnlyForDeploymentPostprocessing = 0;
		};
		0082BFD529B41AC600C35E79 /* Resources */ = {
			isa = PBXResourcesBuildPhase;
			buildActionMask = 2147483647;
			files = (
			);
			runOnlyForDeploymentPostprocessing = 0;
		};
		0082BFDF29B41AC600C35E79 /* Resources */ = {
			isa = PBXResourcesBuildPhase;
			buildActionMask = 2147483647;
			files = (
			);
			runOnlyForDeploymentPostprocessing = 0;
		};
/* End PBXResourcesBuildPhase section */

/* Begin PBXSourcesBuildPhase section */
		0082BFBD29B41AC300C35E79 /* Sources */ = {
			isa = PBXSourcesBuildPhase;
			buildActionMask = 2147483647;
			files = (
				0082B6E329CF5A6300F351E3 /* ContentEntriesView.swift in Sources */,
				000F2D6729C3C07600B83815 /* Title+CoreDataClass.swift in Sources */,
				000E780629BEA95000FF4679 /* ContentFormView.swift in Sources */,
				000F2D7529C52F2C00B83815 /* CreateEntryFormView.swift in Sources */,
				0004CEE029C038D200D1DBE9 /* EditContentButtonView.swift in Sources */,
				0060268B29CC0C2700E2D62B /* StateView.swift in Sources */,
				000F2D7129C4EFF700B83815 /* DataView.swift in Sources */,
				00FA010A29C9571E00CAF422 /* CreateTitleFormView.swift in Sources */,
				0082B6F429CFC59600F351E3 /* ListsView.swift in Sources */,
				00FA011429CA397800CAF422 /* SettingsView.swift in Sources */,
				00FA010629C9290400CAF422 /* ModifiableImageView.swift in Sources */,
				007ECE3E29C14DC900286ED5 /* CreateEntryButtonView.swift in Sources */,
				0082B6EF29CF6DEB00F351E3 /* EntryView.swift in Sources */,
				0063765529BD931C001EBA44 /* Model.swift in Sources */,
				0004CEDE29C0369400D1DBE9 /* EditContentFormView.swift in Sources */,
				0063764C29BA954B001EBA44 /* TitleCoverView.swift in Sources */,
				000F2D6F29C4EFAB00B83815 /* HiddenView.swift in Sources */,
				0004CED229BEE8EC00D1DBE9 /* FormControlView.swift in Sources */,
				0063765929BE4369001EBA44 /* EditTitleButtonView.swift in Sources */,
				0082BFC529B41AC300C35E79 /* ScrollApp.swift in Sources */,
				000E780429BEA6D600FF4679 /* CreateContentButtonView.swift in Sources */,
				000F2D5F29C3893A00B83815 /* TitleCoverStyleModifier.swift in Sources */,
				0082BFC729B41AC300C35E79 /* CoreDataStack.swift in Sources */,
				0063765729BE4080001EBA44 /* CreateTitleButtonView.swift in Sources */,
				0004EB6729C7A1F2005BB807 /* TitleContentsView.swift in Sources */,
				0063765329BC1E03001EBA44 /* View.swift in Sources */,
				0082BFCC29B41AC300C35E79 /* ContentView.swift in Sources */,
				00FA010029C90C6000CAF422 /* TitleFormView.swift in Sources */,
				0082BFCA29B41AC300C35E79 /* Scroll.xcdatamodeld in Sources */,
				00FA010829C9517600CAF422 /* TitleFormCoverView.swift in Sources */,
				000F2D7929C5F6DF00B83815 /* EntryFormChapterView.swift in Sources */,
				0082B6EA29CF5C3000F351E3 /* Content+CoreDataClass.swift in Sources */,
				0082B6EB29CF5C3000F351E3 /* Content+CoreDataProperties.swift in Sources */,
				007ECE3829C127E300286ED5 /* TContentView.swift in Sources */,
				0082B6F229CFC4E100F351E3 /* TitlesView.swift in Sources */,
				000F2D6829C3C07600B83815 /* Title+CoreDataProperties.swift in Sources */,
				000F2D6D29C4D8A200B83815 /* EntryFormView.swift in Sources */,
				0063765B29BE4C1C001EBA44 /* DeleteTitleButtonView.swift in Sources */,
				0004CEE229C0396300D1DBE9 /* Standard.swift in Sources */,
				007ECE3A29C12B3200286ED5 /* DeleteContentButtonView.swift in Sources */,
				0082BFF529B4613600C35E79 /* TitleView.swift in Sources */,
				00FA010C29C957F900CAF422 /* EditTitleFormView.swift in Sources */,
				000E780A29BEB45700FF4679 /* CreateContentFormView.swift in Sources */,
				000F2D7729C5655500B83815 /* EntryFormEpisodeView.swift in Sources */,
			);
			runOnlyForDeploymentPostprocessing = 0;
		};
		0082BFD329B41AC600C35E79 /* Sources */ = {
			isa = PBXSourcesBuildPhase;
			buildActionMask = 2147483647;
			files = (
				0082BFDC29B41AC600C35E79 /* ScrollTests.swift in Sources */,
			);
			runOnlyForDeploymentPostprocessing = 0;
		};
		0082BFDD29B41AC600C35E79 /* Sources */ = {
			isa = PBXSourcesBuildPhase;
			buildActionMask = 2147483647;
			files = (
				0082BFE629B41AC600C35E79 /* ScrollUITests.swift in Sources */,
				0082BFE829B41AC600C35E79 /* ScrollUITestsLaunchTests.swift in Sources */,
			);
			runOnlyForDeploymentPostprocessing = 0;
		};
/* End PBXSourcesBuildPhase section */

/* Begin PBXTargetDependency section */
		0082BFD929B41AC600C35E79 /* PBXTargetDependency */ = {
			isa = PBXTargetDependency;
			target = 0082BFC029B41AC300C35E79 /* Scroll */;
			targetProxy = 0082BFD829B41AC600C35E79 /* PBXContainerItemProxy */;
		};
		0082BFE329B41AC600C35E79 /* PBXTargetDependency */ = {
			isa = PBXTargetDependency;
			target = 0082BFC029B41AC300C35E79 /* Scroll */;
			targetProxy = 0082BFE229B41AC600C35E79 /* PBXContainerItemProxy */;
		};
/* End PBXTargetDependency section */

/* Begin XCBuildConfiguration section */
		0082BFE929B41AC600C35E79 /* Debug */ = {
			isa = XCBuildConfiguration;
			buildSettings = {
				ALWAYS_SEARCH_USER_PATHS = NO;
				CLANG_ANALYZER_NONNULL = YES;
				CLANG_ANALYZER_NUMBER_OBJECT_CONVERSION = YES_AGGRESSIVE;
				CLANG_CXX_LANGUAGE_STANDARD = "gnu++20";
				CLANG_ENABLE_MODULES = YES;
				CLANG_ENABLE_OBJC_ARC = YES;
				CLANG_ENABLE_OBJC_WEAK = YES;
				CLANG_WARN_BLOCK_CAPTURE_AUTORELEASING = YES;
				CLANG_WARN_BOOL_CONVERSION = YES;
				CLANG_WARN_COMMA = YES;
				CLANG_WARN_CONSTANT_CONVERSION = YES;
				CLANG_WARN_DEPRECATED_OBJC_IMPLEMENTATIONS = YES;
				CLANG_WARN_DIRECT_OBJC_ISA_USAGE = YES_ERROR;
				CLANG_WARN_DOCUMENTATION_COMMENTS = YES;
				CLANG_WARN_EMPTY_BODY = YES;
				CLANG_WARN_ENUM_CONVERSION = YES;
				CLANG_WARN_INFINITE_RECURSION = YES;
				CLANG_WARN_INT_CONVERSION = YES;
				CLANG_WARN_NON_LITERAL_NULL_CONVERSION = YES;
				CLANG_WARN_OBJC_IMPLICIT_RETAIN_SELF = YES;
				CLANG_WARN_OBJC_LITERAL_CONVERSION = YES;
				CLANG_WARN_OBJC_ROOT_CLASS = YES_ERROR;
				CLANG_WARN_QUOTED_INCLUDE_IN_FRAMEWORK_HEADER = YES;
				CLANG_WARN_RANGE_LOOP_ANALYSIS = YES;
				CLANG_WARN_STRICT_PROTOTYPES = YES;
				CLANG_WARN_SUSPICIOUS_MOVE = YES;
				CLANG_WARN_UNGUARDED_AVAILABILITY = YES_AGGRESSIVE;
				CLANG_WARN_UNREACHABLE_CODE = YES;
				CLANG_WARN__DUPLICATE_METHOD_MATCH = YES;
				COPY_PHASE_STRIP = NO;
				DEBUG_INFORMATION_FORMAT = dwarf;
				ENABLE_STRICT_OBJC_MSGSEND = YES;
				ENABLE_TESTABILITY = YES;
				GCC_C_LANGUAGE_STANDARD = gnu11;
				GCC_DYNAMIC_NO_PIC = NO;
				GCC_NO_COMMON_BLOCKS = YES;
				GCC_OPTIMIZATION_LEVEL = 0;
				GCC_PREPROCESSOR_DEFINITIONS = (
					"DEBUG=1",
					"$(inherited)",
				);
				GCC_WARN_64_TO_32_BIT_CONVERSION = YES;
				GCC_WARN_ABOUT_RETURN_TYPE = YES_ERROR;
				GCC_WARN_UNDECLARED_SELECTOR = YES;
				GCC_WARN_UNINITIALIZED_AUTOS = YES_AGGRESSIVE;
				GCC_WARN_UNUSED_FUNCTION = YES;
				GCC_WARN_UNUSED_VARIABLE = YES;
				MTL_ENABLE_DEBUG_INFO = INCLUDE_SOURCE;
				MTL_FAST_MATH = YES;
				ONLY_ACTIVE_ARCH = YES;
				SWIFT_ACTIVE_COMPILATION_CONDITIONS = DEBUG;
				SWIFT_OPTIMIZATION_LEVEL = "-Onone";
			};
			name = Debug;
		};
		0082BFEA29B41AC600C35E79 /* Release */ = {
			isa = XCBuildConfiguration;
			buildSettings = {
				ALWAYS_SEARCH_USER_PATHS = NO;
				CLANG_ANALYZER_NONNULL = YES;
				CLANG_ANALYZER_NUMBER_OBJECT_CONVERSION = YES_AGGRESSIVE;
				CLANG_CXX_LANGUAGE_STANDARD = "gnu++20";
				CLANG_ENABLE_MODULES = YES;
				CLANG_ENABLE_OBJC_ARC = YES;
				CLANG_ENABLE_OBJC_WEAK = YES;
				CLANG_WARN_BLOCK_CAPTURE_AUTORELEASING = YES;
				CLANG_WARN_BOOL_CONVERSION = YES;
				CLANG_WARN_COMMA = YES;
				CLANG_WARN_CONSTANT_CONVERSION = YES;
				CLANG_WARN_DEPRECATED_OBJC_IMPLEMENTATIONS = YES;
				CLANG_WARN_DIRECT_OBJC_ISA_USAGE = YES_ERROR;
				CLANG_WARN_DOCUMENTATION_COMMENTS = YES;
				CLANG_WARN_EMPTY_BODY = YES;
				CLANG_WARN_ENUM_CONVERSION = YES;
				CLANG_WARN_INFINITE_RECURSION = YES;
				CLANG_WARN_INT_CONVERSION = YES;
				CLANG_WARN_NON_LITERAL_NULL_CONVERSION = YES;
				CLANG_WARN_OBJC_IMPLICIT_RETAIN_SELF = YES;
				CLANG_WARN_OBJC_LITERAL_CONVERSION = YES;
				CLANG_WARN_OBJC_ROOT_CLASS = YES_ERROR;
				CLANG_WARN_QUOTED_INCLUDE_IN_FRAMEWORK_HEADER = YES;
				CLANG_WARN_RANGE_LOOP_ANALYSIS = YES;
				CLANG_WARN_STRICT_PROTOTYPES = YES;
				CLANG_WARN_SUSPICIOUS_MOVE = YES;
				CLANG_WARN_UNGUARDED_AVAILABILITY = YES_AGGRESSIVE;
				CLANG_WARN_UNREACHABLE_CODE = YES;
				CLANG_WARN__DUPLICATE_METHOD_MATCH = YES;
				COPY_PHASE_STRIP = NO;
				DEBUG_INFORMATION_FORMAT = "dwarf-with-dsym";
				ENABLE_NS_ASSERTIONS = NO;
				ENABLE_STRICT_OBJC_MSGSEND = YES;
				GCC_C_LANGUAGE_STANDARD = gnu11;
				GCC_NO_COMMON_BLOCKS = YES;
				GCC_WARN_64_TO_32_BIT_CONVERSION = YES;
				GCC_WARN_ABOUT_RETURN_TYPE = YES_ERROR;
				GCC_WARN_UNDECLARED_SELECTOR = YES;
				GCC_WARN_UNINITIALIZED_AUTOS = YES_AGGRESSIVE;
				GCC_WARN_UNUSED_FUNCTION = YES;
				GCC_WARN_UNUSED_VARIABLE = YES;
				MTL_ENABLE_DEBUG_INFO = NO;
				MTL_FAST_MATH = YES;
				SWIFT_COMPILATION_MODE = wholemodule;
				SWIFT_OPTIMIZATION_LEVEL = "-O";
			};
			name = Release;
		};
		0082BFEC29B41AC600C35E79 /* Debug */ = {
			isa = XCBuildConfiguration;
			buildSettings = {
				ASSETCATALOG_COMPILER_APPICON_NAME = AppIcon;
				ASSETCATALOG_COMPILER_GLOBAL_ACCENT_COLOR_NAME = AccentColor;
				CODE_SIGN_ENTITLEMENTS = Scroll/Scroll.entitlements;
				CODE_SIGN_STYLE = Automatic;
				CURRENT_PROJECT_VERSION = 1;
				DEVELOPMENT_ASSET_PATHS = "\"Scroll/Preview Content\"";
				DEVELOPMENT_TEAM = UYJ357XWK6;
				ENABLE_HARDENED_RUNTIME = YES;
				ENABLE_PREVIEWS = YES;
				GENERATE_INFOPLIST_FILE = YES;
				INFOPLIST_FILE = Scroll/Info.plist;
				"INFOPLIST_KEY_UIApplicationSceneManifest_Generation[sdk=iphoneos*]" = YES;
				"INFOPLIST_KEY_UIApplicationSceneManifest_Generation[sdk=iphonesimulator*]" = YES;
				"INFOPLIST_KEY_UIApplicationSupportsIndirectInputEvents[sdk=iphoneos*]" = YES;
				"INFOPLIST_KEY_UIApplicationSupportsIndirectInputEvents[sdk=iphonesimulator*]" = YES;
				"INFOPLIST_KEY_UILaunchScreen_Generation[sdk=iphoneos*]" = YES;
				"INFOPLIST_KEY_UILaunchScreen_Generation[sdk=iphonesimulator*]" = YES;
				"INFOPLIST_KEY_UIStatusBarStyle[sdk=iphoneos*]" = UIStatusBarStyleDefault;
				"INFOPLIST_KEY_UIStatusBarStyle[sdk=iphonesimulator*]" = UIStatusBarStyleDefault;
				INFOPLIST_KEY_UISupportedInterfaceOrientations_iPad = "UIInterfaceOrientationPortrait UIInterfaceOrientationPortraitUpsideDown UIInterfaceOrientationLandscapeLeft UIInterfaceOrientationLandscapeRight";
				INFOPLIST_KEY_UISupportedInterfaceOrientations_iPhone = "UIInterfaceOrientationPortrait UIInterfaceOrientationLandscapeLeft UIInterfaceOrientationLandscapeRight";
				IPHONEOS_DEPLOYMENT_TARGET = 16.2;
				LD_RUNPATH_SEARCH_PATHS = "@executable_path/Frameworks";
				"LD_RUNPATH_SEARCH_PATHS[sdk=macosx*]" = "@executable_path/../Frameworks";
				MACOSX_DEPLOYMENT_TARGET = 13.1;
				MARKETING_VERSION = 1.0;
				PRODUCT_BUNDLE_IDENTIFIER = com.kyleerhabor.Scroll;
				PRODUCT_NAME = "$(TARGET_NAME)";
				SDKROOT = auto;
				SUPPORTED_PLATFORMS = "iphoneos iphonesimulator macosx";
				SWIFT_EMIT_LOC_STRINGS = YES;
				SWIFT_VERSION = 5.0;
				TARGETED_DEVICE_FAMILY = "1,2";
			};
			name = Debug;
		};
		0082BFED29B41AC600C35E79 /* Release */ = {
			isa = XCBuildConfiguration;
			buildSettings = {
				ASSETCATALOG_COMPILER_APPICON_NAME = AppIcon;
				ASSETCATALOG_COMPILER_GLOBAL_ACCENT_COLOR_NAME = AccentColor;
				CODE_SIGN_ENTITLEMENTS = Scroll/Scroll.entitlements;
				CODE_SIGN_STYLE = Automatic;
				CURRENT_PROJECT_VERSION = 1;
				DEVELOPMENT_ASSET_PATHS = "\"Scroll/Preview Content\"";
				DEVELOPMENT_TEAM = UYJ357XWK6;
				ENABLE_HARDENED_RUNTIME = YES;
				ENABLE_PREVIEWS = YES;
				GENERATE_INFOPLIST_FILE = YES;
				INFOPLIST_FILE = Scroll/Info.plist;
				"INFOPLIST_KEY_UIApplicationSceneManifest_Generation[sdk=iphoneos*]" = YES;
				"INFOPLIST_KEY_UIApplicationSceneManifest_Generation[sdk=iphonesimulator*]" = YES;
				"INFOPLIST_KEY_UIApplicationSupportsIndirectInputEvents[sdk=iphoneos*]" = YES;
				"INFOPLIST_KEY_UIApplicationSupportsIndirectInputEvents[sdk=iphonesimulator*]" = YES;
				"INFOPLIST_KEY_UILaunchScreen_Generation[sdk=iphoneos*]" = YES;
				"INFOPLIST_KEY_UILaunchScreen_Generation[sdk=iphonesimulator*]" = YES;
				"INFOPLIST_KEY_UIStatusBarStyle[sdk=iphoneos*]" = UIStatusBarStyleDefault;
				"INFOPLIST_KEY_UIStatusBarStyle[sdk=iphonesimulator*]" = UIStatusBarStyleDefault;
				INFOPLIST_KEY_UISupportedInterfaceOrientations_iPad = "UIInterfaceOrientationPortrait UIInterfaceOrientationPortraitUpsideDown UIInterfaceOrientationLandscapeLeft UIInterfaceOrientationLandscapeRight";
				INFOPLIST_KEY_UISupportedInterfaceOrientations_iPhone = "UIInterfaceOrientationPortrait UIInterfaceOrientationLandscapeLeft UIInterfaceOrientationLandscapeRight";
				IPHONEOS_DEPLOYMENT_TARGET = 16.2;
				LD_RUNPATH_SEARCH_PATHS = "@executable_path/Frameworks";
				"LD_RUNPATH_SEARCH_PATHS[sdk=macosx*]" = "@executable_path/../Frameworks";
				MACOSX_DEPLOYMENT_TARGET = 13.1;
				MARKETING_VERSION = 1.0;
				PRODUCT_BUNDLE_IDENTIFIER = com.kyleerhabor.Scroll;
				PRODUCT_NAME = "$(TARGET_NAME)";
				SDKROOT = auto;
				SUPPORTED_PLATFORMS = "iphoneos iphonesimulator macosx";
				SWIFT_EMIT_LOC_STRINGS = YES;
				SWIFT_VERSION = 5.0;
				TARGETED_DEVICE_FAMILY = "1,2";
			};
			name = Release;
		};
		0082BFEF29B41AC600C35E79 /* Debug */ = {
			isa = XCBuildConfiguration;
			buildSettings = {
				ALWAYS_EMBED_SWIFT_STANDARD_LIBRARIES = YES;
				BUNDLE_LOADER = "$(TEST_HOST)";
				CODE_SIGN_STYLE = Automatic;
				CURRENT_PROJECT_VERSION = 1;
				DEVELOPMENT_TEAM = UYJ357XWK6;
				GENERATE_INFOPLIST_FILE = YES;
				IPHONEOS_DEPLOYMENT_TARGET = 16.2;
				MACOSX_DEPLOYMENT_TARGET = 13.1;
				MARKETING_VERSION = 1.0;
				PRODUCT_BUNDLE_IDENTIFIER = com.kyleerhabor.ScrollTests;
				PRODUCT_NAME = "$(TARGET_NAME)";
				SDKROOT = auto;
				SUPPORTED_PLATFORMS = "iphoneos iphonesimulator macosx";
				SWIFT_EMIT_LOC_STRINGS = NO;
				SWIFT_VERSION = 5.0;
				TARGETED_DEVICE_FAMILY = "1,2";
				TEST_HOST = "$(BUILT_PRODUCTS_DIR)/Scroll.app/$(BUNDLE_EXECUTABLE_FOLDER_PATH)/Scroll";
			};
			name = Debug;
		};
		0082BFF029B41AC600C35E79 /* Release */ = {
			isa = XCBuildConfiguration;
			buildSettings = {
				ALWAYS_EMBED_SWIFT_STANDARD_LIBRARIES = YES;
				BUNDLE_LOADER = "$(TEST_HOST)";
				CODE_SIGN_STYLE = Automatic;
				CURRENT_PROJECT_VERSION = 1;
				DEVELOPMENT_TEAM = UYJ357XWK6;
				GENERATE_INFOPLIST_FILE = YES;
				IPHONEOS_DEPLOYMENT_TARGET = 16.2;
				MACOSX_DEPLOYMENT_TARGET = 13.1;
				MARKETING_VERSION = 1.0;
				PRODUCT_BUNDLE_IDENTIFIER = com.kyleerhabor.ScrollTests;
				PRODUCT_NAME = "$(TARGET_NAME)";
				SDKROOT = auto;
				SUPPORTED_PLATFORMS = "iphoneos iphonesimulator macosx";
				SWIFT_EMIT_LOC_STRINGS = NO;
				SWIFT_VERSION = 5.0;
				TARGETED_DEVICE_FAMILY = "1,2";
				TEST_HOST = "$(BUILT_PRODUCTS_DIR)/Scroll.app/$(BUNDLE_EXECUTABLE_FOLDER_PATH)/Scroll";
			};
			name = Release;
		};
		0082BFF229B41AC600C35E79 /* Debug */ = {
			isa = XCBuildConfiguration;
			buildSettings = {
				ALWAYS_EMBED_SWIFT_STANDARD_LIBRARIES = YES;
				CODE_SIGN_STYLE = Automatic;
				CURRENT_PROJECT_VERSION = 1;
				DEVELOPMENT_TEAM = UYJ357XWK6;
				GENERATE_INFOPLIST_FILE = YES;
				IPHONEOS_DEPLOYMENT_TARGET = 16.2;
				MACOSX_DEPLOYMENT_TARGET = 13.1;
				MARKETING_VERSION = 1.0;
				PRODUCT_BUNDLE_IDENTIFIER = com.kyleerhabor.ScrollUITests;
				PRODUCT_NAME = "$(TARGET_NAME)";
				SDKROOT = auto;
				SUPPORTED_PLATFORMS = "iphoneos iphonesimulator macosx";
				SWIFT_EMIT_LOC_STRINGS = NO;
				SWIFT_VERSION = 5.0;
				TARGETED_DEVICE_FAMILY = "1,2";
				TEST_TARGET_NAME = Scroll;
			};
			name = Debug;
		};
		0082BFF329B41AC600C35E79 /* Release */ = {
			isa = XCBuildConfiguration;
			buildSettings = {
				ALWAYS_EMBED_SWIFT_STANDARD_LIBRARIES = YES;
				CODE_SIGN_STYLE = Automatic;
				CURRENT_PROJECT_VERSION = 1;
				DEVELOPMENT_TEAM = UYJ357XWK6;
				GENERATE_INFOPLIST_FILE = YES;
				IPHONEOS_DEPLOYMENT_TARGET = 16.2;
				MACOSX_DEPLOYMENT_TARGET = 13.1;
				MARKETING_VERSION = 1.0;
				PRODUCT_BUNDLE_IDENTIFIER = com.kyleerhabor.ScrollUITests;
				PRODUCT_NAME = "$(TARGET_NAME)";
				SDKROOT = auto;
				SUPPORTED_PLATFORMS = "iphoneos iphonesimulator macosx";
				SWIFT_EMIT_LOC_STRINGS = NO;
				SWIFT_VERSION = 5.0;
				TARGETED_DEVICE_FAMILY = "1,2";
				TEST_TARGET_NAME = Scroll;
			};
			name = Release;
		};
/* End XCBuildConfiguration section */

/* Begin XCConfigurationList section */
		0082BFBC29B41AC200C35E79 /* Build configuration list for PBXProject "Scroll" */ = {
			isa = XCConfigurationList;
			buildConfigurations = (
				0082BFE929B41AC600C35E79 /* Debug */,
				0082BFEA29B41AC600C35E79 /* Release */,
			);
			defaultConfigurationIsVisible = 0;
			defaultConfigurationName = Release;
		};
		0082BFEB29B41AC600C35E79 /* Build configuration list for PBXNativeTarget "Scroll" */ = {
			isa = XCConfigurationList;
			buildConfigurations = (
				0082BFEC29B41AC600C35E79 /* Debug */,
				0082BFED29B41AC600C35E79 /* Release */,
			);
			defaultConfigurationIsVisible = 0;
			defaultConfigurationName = Release;
		};
		0082BFEE29B41AC600C35E79 /* Build configuration list for PBXNativeTarget "ScrollTests" */ = {
			isa = XCConfigurationList;
			buildConfigurations = (
				0082BFEF29B41AC600C35E79 /* Debug */,
				0082BFF029B41AC600C35E79 /* Release */,
			);
			defaultConfigurationIsVisible = 0;
			defaultConfigurationName = Release;
		};
		0082BFF129B41AC600C35E79 /* Build configuration list for PBXNativeTarget "ScrollUITests" */ = {
			isa = XCConfigurationList;
			buildConfigurations = (
				0082BFF229B41AC600C35E79 /* Debug */,
				0082BFF329B41AC600C35E79 /* Release */,
			);
			defaultConfigurationIsVisible = 0;
			defaultConfigurationName = Release;
		};
/* End XCConfigurationList section */

/* Begin XCVersionGroup section */
		0082BFC829B41AC300C35E79 /* Scroll.xcdatamodeld */ = {
			isa = XCVersionGroup;
			children = (
				0082BFC929B41AC300C35E79 /* Scroll.xcdatamodel */,
			);
			currentVersion = 0082BFC929B41AC300C35E79 /* Scroll.xcdatamodel */;
			path = Scroll.xcdatamodeld;
			sourceTree = "<group>";
			versionGroupType = wrapper.xcdatamodel;
		};
/* End XCVersionGroup section */
	};
	rootObject = 0082BFB929B41AC200C35E79 /* Project object */;
}
